
Microsoft Visual Studio Solution File, Format Version 12.00
# Visual Studio Version 17
VisualStudioVersion = 17.9.34622.214
MinimumVisualStudioVersion = 10.0.40219.1
Project("{9A19103F-16F7-4668-BE54-9A1E7A4F7556}") = "Datenbank-RPG", "Datenbank-RPG\Datenbank-RPG.csproj", "{A32BA04A-6F1B-42F4-AFA7-1E6797A7C0D0}"
EndProject
Project("{9A19103F-16F7-4668-BE54-9A1E7A4F7556}") = "sql", "sql\sql.csproj", "{67FC298F-1971-43DE-AB35-433F8CE1CA1D}"
EndProject
Project("{9A19103F-16F7-4668-BE54-9A1E7A4F7556}") = "Web API", "Datenbank RPG\Web API.csproj", "{17B57C6A-D8D0-4946-B434-62CFC3DF9245}"
EndProject
Global
	GlobalSection(SolutionConfigurationPlatforms) = preSolution
		Debug|Any CPU = Debug|Any CPU
		Release|Any CPU = Release|Any CPU
	EndGlobalSection
	GlobalSection(ProjectConfigurationPlatforms) = postSolution
		{A32BA04A-6F1B-42F4-AFA7-1E6797A7C0D0}.Debug|Any CPU.ActiveCfg = Debug|Any CPU
		{A32BA04A-6F1B-42F4-AFA7-1E6797A7C0D0}.Debug|Any CPU.Build.0 = Debug|Any CPU
		{A32BA04A-6F1B-42F4-AFA7-1E6797A7C0D0}.Release|Any CPU.ActiveCfg = Release|Any CPU
		{A32BA04A-6F1B-42F4-AFA7-1E6797A7C0D0}.Release|Any CPU.Build.0 = Release|Any CPU
		{67FC298F-1971-43DE-AB35-433F8CE1CA1D}.Debug|Any CPU.ActiveCfg = Debug|Any CPU
		{67FC298F-1971-43DE-AB35-433F8CE1CA1D}.Debug|Any CPU.Build.0 = Debug|Any CPU
		{67FC298F-1971-43DE-AB35-433F8CE1CA1D}.Release|Any CPU.ActiveCfg = Release|Any CPU
		{67FC298F-1971-43DE-AB35-433F8CE1CA1D}.Release|Any CPU.Build.0 = Release|Any CPU
		{17B57C6A-D8D0-4946-B434-62CFC3DF9245}.Debug|Any CPU.ActiveCfg = Debug|Any CPU
		{17B57C6A-D8D0-4946-B434-62CFC3DF9245}.Debug|Any CPU.Build.0 = Debug|Any CPU
		{17B57C6A-D8D0-4946-B434-62CFC3DF9245}.Release|Any CPU.ActiveCfg = Release|Any CPU
		{17B57C6A-D8D0-4946-B434-62CFC3DF9245}.Release|Any CPU.Build.0 = Release|Any CPU
	EndGlobalSection
	GlobalSection(SolutionProperties) = preSolution
		HideSolutionNode = FALSE
	EndGlobalSection
	GlobalSection(ExtensibilityGlobals) = postSolution
		SolutionGuid = {21E778D3-7B9F-466E-A4D6-81F5D252C118}
	EndGlobalSection
EndGlobal
